
Microsoft Visual Studio Solution File, Format Version 12.00
# Visual Studio 2013
VisualStudioVersion = 12.0.30324.0
MinimumVisualStudioVersion = 10.0.40219.1
Project("{8BC9CEB8-8B4A-11D0-8D11-00A0C91BC942}") = "Hw1", "Hw1\Hw1.vcxproj", "{9AFBAE8C-230A-444B-88EE-1EF77D7EABB4}"
EndProject
Global
	GlobalSection(SolutionConfigurationPlatforms) = preSolution
		Debug|Win32 = Debug|Win32
		Release|Win32 = Release|Win32
	EndGlobalSection
	GlobalSection(ProjectConfigurationPlatforms) = postSolution
		{9AFBAE8C-230A-444B-88EE-1EF77D7EABB4}.Debug|Win32.ActiveCfg = Debug|Win32
		{9AFBAE8C-230A-444B-88EE-1EF77D7EABB4}.Debug|Win32.Build.0 = Debug|Win32
		{9AFBAE8C-230A-444B-88EE-1EF77D7EABB4}.Release|Win32.ActiveCfg = Release|Win32
		{9AFBAE8C-230A-444B-88EE-1EF77D7EABB4}.Release|Win32.Build.0 = Release|Win32
	EndGlobalSection
	GlobalSection(SolutionProperties) = preSolution
		HideSolutionNode = FALSE
	EndGlobalSection
EndGlobal
